
Microsoft Visual Studio Solution File, Format Version 12.00
# Visual Studio 2013
VisualStudioVersion = 12.0.30501.0
MinimumVisualStudioVersion = 10.0.40219.1
Project("{8BC9CEB8-8B4A-11D0-8D11-00A0C91BC942}") = "Server_Side_Application", "Server_Side_Application\Server_Side_Application.vcxproj", "{D35C8F41-CA36-4C8F-951F-A04DF90BAEE3}"
EndProject
Project("{2150E333-8FDC-42A3-9474-1A3956D46DE8}") = "Solution Items", "Solution Items", "{3277C0AA-4504-4F9B-88CF-87528D92091F}"
EndProject
Global
	GlobalSection(SolutionConfigurationPlatforms) = preSolution
		Debug|Win32 = Debug|Win32
		Release|Win32 = Release|Win32
	EndGlobalSection
	GlobalSection(ProjectConfigurationPlatforms) = postSolution
		{D35C8F41-CA36-4C8F-951F-A04DF90BAEE3}.Debug|Win32.ActiveCfg = Debug|Win32
		{D35C8F41-CA36-4C8F-951F-A04DF90BAEE3}.Debug|Win32.Build.0 = Debug|Win32
		{D35C8F41-CA36-4C8F-951F-A04DF90BAEE3}.Release|Win32.ActiveCfg = Release|Win32
		{D35C8F41-CA36-4C8F-951F-A04DF90BAEE3}.Release|Win32.Build.0 = Release|Win32
	EndGlobalSection
	GlobalSection(SolutionProperties) = preSolution
		HideSolutionNode = FALSE
	EndGlobalSection
EndGlobal
